// !$*UTF8*$!
{
	archiveVersion = 1;
	classes = {
	};
	objectVersion = 50;
	objects = {

/* Begin PBXBuildFile section */
		D3A9BF3E2844D13400A4B9B4 /* QuestionViewModel.swift in Sources */ = {isa = PBXBuildFile; fileRef = D3A9BF3D2844D13400A4B9B4 /* QuestionViewModel.swift */; };
		D3A9BF422844D24B00A4B9B4 /* QuestionRepository.swift in Sources */ = {isa = PBXBuildFile; fileRef = D3A9BF412844D24B00A4B9B4 /* QuestionRepository.swift */; };
		D3A9BF442844DC3D00A4B9B4 /* QuestionRepositoryTests.swift in Sources */ = {isa = PBXBuildFile; fileRef = D3A9BF432844DC3D00A4B9B4 /* QuestionRepositoryTests.swift */; };
		D3A9BF462844E10C00A4B9B4 /* Mocker.swift in Sources */ = {isa = PBXBuildFile; fileRef = D3A9BF452844E10C00A4B9B4 /* Mocker.swift */; };
		D3A9BF482844E17800A4B9B4 /* QuestionFactory.swift in Sources */ = {isa = PBXBuildFile; fileRef = D3A9BF472844E17800A4B9B4 /* QuestionFactory.swift */; };
		D3A9BF4A28452D1600A4B9B4 /* QuestionViewModelTests.swift in Sources */ = {isa = PBXBuildFile; fileRef = D3A9BF4928452D1600A4B9B4 /* QuestionViewModelTests.swift */; };
		F29D0D6924E1DD6500CCDB8E /* AppDelegate.swift in Sources */ = {isa = PBXBuildFile; fileRef = F29D0D6824E1DD6500CCDB8E /* AppDelegate.swift */; };
		F29D0D6B24E1DD6500CCDB8E /* SceneDelegate.swift in Sources */ = {isa = PBXBuildFile; fileRef = F29D0D6A24E1DD6500CCDB8E /* SceneDelegate.swift */; };
		F29D0D6D24E1DD6500CCDB8E /* ViewController.swift in Sources */ = {isa = PBXBuildFile; fileRef = F29D0D6C24E1DD6500CCDB8E /* ViewController.swift */; };
		F29D0D7024E1DD6500CCDB8E /* Main.storyboard in Resources */ = {isa = PBXBuildFile; fileRef = F29D0D6E24E1DD6500CCDB8E /* Main.storyboard */; };
		F29D0D7224E1DD6900CCDB8E /* Assets.xcassets in Resources */ = {isa = PBXBuildFile; fileRef = F29D0D7124E1DD6900CCDB8E /* Assets.xcassets */; };
		F29D0D7524E1DD6900CCDB8E /* LaunchScreen.storyboard in Resources */ = {isa = PBXBuildFile; fileRef = F29D0D7324E1DD6900CCDB8E /* LaunchScreen.storyboard */; };
		F29D0D8C24E1DDA200CCDB8E /* Service.swift in Sources */ = {isa = PBXBuildFile; fileRef = F29D0D8B24E1DDA200CCDB8E /* Service.swift */; };
		F29D0D8E24E1E2DD00CCDB8E /* NetworkServiceTests.swift in Sources */ = {isa = PBXBuildFile; fileRef = F29D0D8D24E1E2DD00CCDB8E /* NetworkServiceTests.swift */; };
		F2F94EE624E26B4200176784 /* Questions.swift in Sources */ = {isa = PBXBuildFile; fileRef = F2F94EE524E26B4200176784 /* Questions.swift */; };
/* End PBXBuildFile section */

/* Begin PBXContainerItemProxy section */
		F29D0D7C24E1DD6900CCDB8E /* PBXContainerItemProxy */ = {
			isa = PBXContainerItemProxy;
			containerPortal = F29D0D5D24E1DD6500CCDB8E /* Project object */;
			proxyType = 1;
			remoteGlobalIDString = F29D0D6424E1DD6500CCDB8E;
			remoteInfo = SwiftyChallenge;
		};
/* End PBXContainerItemProxy section */

/* Begin PBXFileReference section */
		D3A9BF3D2844D13400A4B9B4 /* QuestionViewModel.swift */ = {isa = PBXFileReference; lastKnownFileType = sourcecode.swift; path = QuestionViewModel.swift; sourceTree = "<group>"; };
		D3A9BF412844D24B00A4B9B4 /* QuestionRepository.swift */ = {isa = PBXFileReference; lastKnownFileType = sourcecode.swift; path = QuestionRepository.swift; sourceTree = "<group>"; };
		D3A9BF432844DC3D00A4B9B4 /* QuestionRepositoryTests.swift */ = {isa = PBXFileReference; lastKnownFileType = sourcecode.swift; path = QuestionRepositoryTests.swift; sourceTree = "<group>"; };
		D3A9BF452844E10C00A4B9B4 /* Mocker.swift */ = {isa = PBXFileReference; lastKnownFileType = sourcecode.swift; path = Mocker.swift; sourceTree = "<group>"; };
		D3A9BF472844E17800A4B9B4 /* QuestionFactory.swift */ = {isa = PBXFileReference; lastKnownFileType = sourcecode.swift; path = QuestionFactory.swift; sourceTree = "<group>"; };
		D3A9BF4928452D1600A4B9B4 /* QuestionViewModelTests.swift */ = {isa = PBXFileReference; lastKnownFileType = sourcecode.swift; path = QuestionViewModelTests.swift; sourceTree = "<group>"; };
		F29D0D6524E1DD6500CCDB8E /* SwiftyChallenge.app */ = {isa = PBXFileReference; explicitFileType = wrapper.application; includeInIndex = 0; path = SwiftyChallenge.app; sourceTree = BUILT_PRODUCTS_DIR; };
		F29D0D6824E1DD6500CCDB8E /* AppDelegate.swift */ = {isa = PBXFileReference; lastKnownFileType = sourcecode.swift; path = AppDelegate.swift; sourceTree = "<group>"; };
		F29D0D6A24E1DD6500CCDB8E /* SceneDelegate.swift */ = {isa = PBXFileReference; lastKnownFileType = sourcecode.swift; path = SceneDelegate.swift; sourceTree = "<group>"; };
		F29D0D6C24E1DD6500CCDB8E /* ViewController.swift */ = {isa = PBXFileReference; lastKnownFileType = sourcecode.swift; path = ViewController.swift; sourceTree = "<group>"; };
		F29D0D6F24E1DD6500CCDB8E /* Base */ = {isa = PBXFileReference; lastKnownFileType = file.storyboard; name = Base; path = Base.lproj/Main.storyboard; sourceTree = "<group>"; };
		F29D0D7124E1DD6900CCDB8E /* Assets.xcassets */ = {isa = PBXFileReference; lastKnownFileType = folder.assetcatalog; path = Assets.xcassets; sourceTree = "<group>"; };
		F29D0D7424E1DD6900CCDB8E /* Base */ = {isa = PBXFileReference; lastKnownFileType = file.storyboard; name = Base; path = Base.lproj/LaunchScreen.storyboard; sourceTree = "<group>"; };
		F29D0D7624E1DD6900CCDB8E /* Info.plist */ = {isa = PBXFileReference; lastKnownFileType = text.plist.xml; path = Info.plist; sourceTree = "<group>"; };
		F29D0D7B24E1DD6900CCDB8E /* SwiftyChallengeTests.xctest */ = {isa = PBXFileReference; explicitFileType = wrapper.cfbundle; includeInIndex = 0; path = SwiftyChallengeTests.xctest; sourceTree = BUILT_PRODUCTS_DIR; };
		F29D0D8124E1DD6900CCDB8E /* Info.plist */ = {isa = PBXFileReference; lastKnownFileType = text.plist.xml; path = Info.plist; sourceTree = "<group>"; };
		F29D0D8B24E1DDA200CCDB8E /* Service.swift */ = {isa = PBXFileReference; lastKnownFileType = sourcecode.swift; path = Service.swift; sourceTree = "<group>"; };
		F29D0D8D24E1E2DD00CCDB8E /* NetworkServiceTests.swift */ = {isa = PBXFileReference; lastKnownFileType = sourcecode.swift; path = NetworkServiceTests.swift; sourceTree = "<group>"; };
		F2F94EE524E26B4200176784 /* Questions.swift */ = {isa = PBXFileReference; lastKnownFileType = sourcecode.swift; path = Questions.swift; sourceTree = "<group>"; };
/* End PBXFileReference section */

/* Begin PBXFrameworksBuildPhase section */
		F29D0D6224E1DD6500CCDB8E /* Frameworks */ = {
			isa = PBXFrameworksBuildPhase;
			buildActionMask = 2147483647;
			files = (
			);
			runOnlyForDeploymentPostprocessing = 0;
		};
		F29D0D7824E1DD6900CCDB8E /* Frameworks */ = {
			isa = PBXFrameworksBuildPhase;
			buildActionMask = 2147483647;
			files = (
			);
			runOnlyForDeploymentPostprocessing = 0;
		};
/* End PBXFrameworksBuildPhase section */

/* Begin PBXGroup section */
		D3A9BF3B2844D0E500A4B9B4 /* Features */ = {
			isa = PBXGroup;
			children = (
				D3A9BF3C2844D0F000A4B9B4 /* Question */,
			);
			path = Features;
			sourceTree = "<group>";
		};
		D3A9BF3C2844D0F000A4B9B4 /* Question */ = {
			isa = PBXGroup;
			children = (
				D3A9BF3D2844D13400A4B9B4 /* QuestionViewModel.swift */,
				D3A9BF412844D24B00A4B9B4 /* QuestionRepository.swift */,
				D3A9BF472844E17800A4B9B4 /* QuestionFactory.swift */,
			);
			path = Question;
			sourceTree = "<group>";
		};
		D3A9BF3F2844D14400A4B9B4 /* Features */ = {
			isa = PBXGroup;
			children = (
				D3A9BF402844D15400A4B9B4 /* Question */,
				D3A9BF452844E10C00A4B9B4 /* Mocker.swift */,
			);
			path = Features;
			sourceTree = "<group>";
		};
		D3A9BF402844D15400A4B9B4 /* Question */ = {
			isa = PBXGroup;
			children = (
				D3A9BF432844DC3D00A4B9B4 /* QuestionRepositoryTests.swift */,
				D3A9BF4928452D1600A4B9B4 /* QuestionViewModelTests.swift */,
			);
			path = Question;
			sourceTree = "<group>";
		};
		F29D0D5C24E1DD6500CCDB8E = {
			isa = PBXGroup;
			children = (
				F29D0D6724E1DD6500CCDB8E /* SwiftyChallenge */,
				F29D0D7E24E1DD6900CCDB8E /* SwiftyChallengeTests */,
				F29D0D6624E1DD6500CCDB8E /* Products */,
			);
			sourceTree = "<group>";
		};
		F29D0D6624E1DD6500CCDB8E /* Products */ = {
			isa = PBXGroup;
			children = (
				F29D0D6524E1DD6500CCDB8E /* SwiftyChallenge.app */,
				F29D0D7B24E1DD6900CCDB8E /* SwiftyChallengeTests.xctest */,
			);
			name = Products;
			sourceTree = "<group>";
		};
		F29D0D6724E1DD6500CCDB8E /* SwiftyChallenge */ = {
			isa = PBXGroup;
			children = (
				D3A9BF3B2844D0E500A4B9B4 /* Features */,
				F2F94EE424E26B1300176784 /* Entities */,
				F29D0D8A24E1DD7E00CCDB8E /* Service */,
				F29D0D6824E1DD6500CCDB8E /* AppDelegate.swift */,
				F29D0D6A24E1DD6500CCDB8E /* SceneDelegate.swift */,
				F29D0D6C24E1DD6500CCDB8E /* ViewController.swift */,
				F29D0D6E24E1DD6500CCDB8E /* Main.storyboard */,
				F29D0D7124E1DD6900CCDB8E /* Assets.xcassets */,
				F29D0D7324E1DD6900CCDB8E /* LaunchScreen.storyboard */,
				F29D0D7624E1DD6900CCDB8E /* Info.plist */,
			);
			path = SwiftyChallenge;
			sourceTree = "<group>";
		};
		F29D0D7E24E1DD6900CCDB8E /* SwiftyChallengeTests */ = {
			isa = PBXGroup;
			children = (
				D3A9BF3F2844D14400A4B9B4 /* Features */,
				F29D0D8124E1DD6900CCDB8E /* Info.plist */,
				F29D0D8D24E1E2DD00CCDB8E /* NetworkServiceTests.swift */,
			);
			path = SwiftyChallengeTests;
			sourceTree = "<group>";
		};
		F29D0D8A24E1DD7E00CCDB8E /* Service */ = {
			isa = PBXGroup;
			children = (
				F29D0D8B24E1DDA200CCDB8E /* Service.swift */,
			);
			path = Service;
			sourceTree = "<group>";
		};
		F2F94EE424E26B1300176784 /* Entities */ = {
			isa = PBXGroup;
			children = (
				F2F94EE524E26B4200176784 /* Questions.swift */,
			);
			path = Entities;
			sourceTree = "<group>";
		};
/* End PBXGroup section */

/* Begin PBXNativeTarget section */
		F29D0D6424E1DD6500CCDB8E /* SwiftyChallenge */ = {
			isa = PBXNativeTarget;
			buildConfigurationList = F29D0D8424E1DD6900CCDB8E /* Build configuration list for PBXNativeTarget "SwiftyChallenge" */;
			buildPhases = (
				F29D0D6124E1DD6500CCDB8E /* Sources */,
				F29D0D6224E1DD6500CCDB8E /* Frameworks */,
				F29D0D6324E1DD6500CCDB8E /* Resources */,
			);
			buildRules = (
			);
			dependencies = (
			);
			name = SwiftyChallenge;
			productName = SwiftyChallenge;
			productReference = F29D0D6524E1DD6500CCDB8E /* SwiftyChallenge.app */;
			productType = "com.apple.product-type.application";
		};
		F29D0D7A24E1DD6900CCDB8E /* SwiftyChallengeTests */ = {
			isa = PBXNativeTarget;
			buildConfigurationList = F29D0D8724E1DD6900CCDB8E /* Build configuration list for PBXNativeTarget "SwiftyChallengeTests" */;
			buildPhases = (
				F29D0D7724E1DD6900CCDB8E /* Sources */,
				F29D0D7824E1DD6900CCDB8E /* Frameworks */,
				F29D0D7924E1DD6900CCDB8E /* Resources */,
			);
			buildRules = (
			);
			dependencies = (
				F29D0D7D24E1DD6900CCDB8E /* PBXTargetDependency */,
			);
			name = SwiftyChallengeTests;
			productName = SwiftyChallengeTests;
			productReference = F29D0D7B24E1DD6900CCDB8E /* SwiftyChallengeTests.xctest */;
			productType = "com.apple.product-type.bundle.unit-test";
		};
/* End PBXNativeTarget section */

/* Begin PBXProject section */
		F29D0D5D24E1DD6500CCDB8E /* Project object */ = {
			isa = PBXProject;
			attributes = {
				LastSwiftUpdateCheck = 1150;
				LastUpgradeCheck = 1150;
				ORGANIZATIONNAME = "Monish Syed ";
				TargetAttributes = {
					F29D0D6424E1DD6500CCDB8E = {
						CreatedOnToolsVersion = 11.5;
					};
					F29D0D7A24E1DD6900CCDB8E = {
						CreatedOnToolsVersion = 11.5;
						TestTargetID = F29D0D6424E1DD6500CCDB8E;
					};
				};
			};
			buildConfigurationList = F29D0D6024E1DD6500CCDB8E /* Build configuration list for PBXProject "SwiftyChallenge" */;
			compatibilityVersion = "Xcode 9.3";
			developmentRegion = en;
			hasScannedForEncodings = 0;
			knownRegions = (
				en,
				Base,
			);
			mainGroup = F29D0D5C24E1DD6500CCDB8E;
			productRefGroup = F29D0D6624E1DD6500CCDB8E /* Products */;
			projectDirPath = "";
			projectRoot = "";
			targets = (
				F29D0D6424E1DD6500CCDB8E /* SwiftyChallenge */,
				F29D0D7A24E1DD6900CCDB8E /* SwiftyChallengeTests */,
			);
		};
/* End PBXProject section */

/* Begin PBXResourcesBuildPhase section */
		F29D0D6324E1DD6500CCDB8E /* Resources */ = {
			isa = PBXResourcesBuildPhase;
			buildActionMask = 2147483647;
			files = (
				F29D0D7524E1DD6900CCDB8E /* LaunchScreen.storyboard in Resources */,
				F29D0D7224E1DD6900CCDB8E /* Assets.xcassets in Resources */,
				F29D0D7024E1DD6500CCDB8E /* Main.storyboard in Resources */,
			);
			runOnlyForDeploymentPostprocessing = 0;
		};
		F29D0D7924E1DD6900CCDB8E /* Resources */ = {
			isa = PBXResourcesBuildPhase;
			buildActionMask = 2147483647;
			files = (
			);
			runOnlyForDeploymentPostprocessing = 0;
		};
/* End PBXResourcesBuildPhase section */

/* Begin PBXSourcesBuildPhase section */
		F29D0D6124E1DD6500CCDB8E /* Sources */ = {
			isa = PBXSourcesBuildPhase;
			buildActionMask = 2147483647;
			files = (
				D3A9BF482844E17800A4B9B4 /* QuestionFactory.swift in Sources */,
				F29D0D6D24E1DD6500CCDB8E /* ViewController.swift in Sources */,
				F29D0D8C24E1DDA200CCDB8E /* Service.swift in Sources */,
				F29D0D6924E1DD6500CCDB8E /* AppDelegate.swift in Sources */,
				D3A9BF422844D24B00A4B9B4 /* QuestionRepository.swift in Sources */,
				F2F94EE624E26B4200176784 /* Questions.swift in Sources */,
				D3A9BF3E2844D13400A4B9B4 /* QuestionViewModel.swift in Sources */,
				F29D0D6B24E1DD6500CCDB8E /* SceneDelegate.swift in Sources */,
			);
			runOnlyForDeploymentPostprocessing = 0;
		};
		F29D0D7724E1DD6900CCDB8E /* Sources */ = {
			isa = PBXSourcesBuildPhase;
			buildActionMask = 2147483647;
			files = (
				F29D0D8E24E1E2DD00CCDB8E /* NetworkServiceTests.swift in Sources */,
				D3A9BF462844E10C00A4B9B4 /* Mocker.swift in Sources */,
				D3A9BF4A28452D1600A4B9B4 /* QuestionViewModelTests.swift in Sources */,
				D3A9BF442844DC3D00A4B9B4 /* QuestionRepositoryTests.swift in Sources */,
			);
			runOnlyForDeploymentPostprocessing = 0;
		};
/* End PBXSourcesBuildPhase section */

/* Begin PBXTargetDependency section */
		F29D0D7D24E1DD6900CCDB8E /* PBXTargetDependency */ = {
			isa = PBXTargetDependency;
			target = F29D0D6424E1DD6500CCDB8E /* SwiftyChallenge */;
			targetProxy = F29D0D7C24E1DD6900CCDB8E /* PBXContainerItemProxy */;
		};
/* End PBXTargetDependency section */

/* Begin PBXVariantGroup section */
		F29D0D6E24E1DD6500CCDB8E /* Main.storyboard */ = {
			isa = PBXVariantGroup;
			children = (
				F29D0D6F24E1DD6500CCDB8E /* Base */,
			);
			name = Main.storyboard;
			sourceTree = "<group>";
		};
		F29D0D7324E1DD6900CCDB8E /* LaunchScreen.storyboard */ = {
			isa = PBXVariantGroup;
			children = (
				F29D0D7424E1DD6900CCDB8E /* Base */,
			);
			name = LaunchScreen.storyboard;
			sourceTree = "<group>";
		};
/* End PBXVariantGroup section */

/* Begin XCBuildConfiguration section */
		F29D0D8224E1DD6900CCDB8E /* Debug */ = {
			isa = XCBuildConfiguration;
			buildSettings = {
				ALWAYS_SEARCH_USER_PATHS = NO;
				CLANG_ANALYZER_NONNULL = YES;
				CLANG_ANALYZER_NUMBER_OBJECT_CONVERSION = YES_AGGRESSIVE;
				CLANG_CXX_LANGUAGE_STANDARD = "gnu++14";
				CLANG_CXX_LIBRARY = "libc++";
				CLANG_ENABLE_MODULES = YES;
				CLANG_ENABLE_OBJC_ARC = YES;
				CLANG_ENABLE_OBJC_WEAK = YES;
				CLANG_WARN_BLOCK_CAPTURE_AUTORELEASING = YES;
				CLANG_WARN_BOOL_CONVERSION = YES;
				CLANG_WARN_COMMA = YES;
				CLANG_WARN_CONSTANT_CONVERSION = YES;
				CLANG_WARN_DEPRECATED_OBJC_IMPLEMENTATIONS = YES;
				CLANG_WARN_DIRECT_OBJC_ISA_USAGE = YES_ERROR;
				CLANG_WARN_DOCUMENTATION_COMMENTS = YES;
				CLANG_WARN_EMPTY_BODY = YES;
				CLANG_WARN_ENUM_CONVERSION = YES;
				CLANG_WARN_INFINITE_RECURSION = YES;
				CLANG_WARN_INT_CONVERSION = YES;
				CLANG_WARN_NON_LITERAL_NULL_CONVERSION = YES;
				CLANG_WARN_OBJC_IMPLICIT_RETAIN_SELF = YES;
				CLANG_WARN_OBJC_LITERAL_CONVERSION = YES;
				CLANG_WARN_OBJC_ROOT_CLASS = YES_ERROR;
				CLANG_WARN_RANGE_LOOP_ANALYSIS = YES;
				CLANG_WARN_STRICT_PROTOTYPES = YES;
				CLANG_WARN_SUSPICIOUS_MOVE = YES;
				CLANG_WARN_UNGUARDED_AVAILABILITY = YES_AGGRESSIVE;
				CLANG_WARN_UNREACHABLE_CODE = YES;
				CLANG_WARN__DUPLICATE_METHOD_MATCH = YES;
				COPY_PHASE_STRIP = NO;
				DEBUG_INFORMATION_FORMAT = dwarf;
				ENABLE_STRICT_OBJC_MSGSEND = YES;
				ENABLE_TESTABILITY = YES;
				GCC_C_LANGUAGE_STANDARD = gnu11;
				GCC_DYNAMIC_NO_PIC = NO;
				GCC_NO_COMMON_BLOCKS = YES;
				GCC_OPTIMIZATION_LEVEL = 0;
				GCC_PREPROCESSOR_DEFINITIONS = (
					"DEBUG=1",
					"$(inherited)",
				);
				GCC_WARN_64_TO_32_BIT_CONVERSION = YES;
				GCC_WARN_ABOUT_RETURN_TYPE = YES_ERROR;
				GCC_WARN_UNDECLARED_SELECTOR = YES;
				GCC_WARN_UNINITIALIZED_AUTOS = YES_AGGRESSIVE;
				GCC_WARN_UNUSED_FUNCTION = YES;
				GCC_WARN_UNUSED_VARIABLE = YES;
				IPHONEOS_DEPLOYMENT_TARGET = 13.5;
				MTL_ENABLE_DEBUG_INFO = INCLUDE_SOURCE;
				MTL_FAST_MATH = YES;
				ONLY_ACTIVE_ARCH = YES;
				SDKROOT = iphoneos;
				SWIFT_ACTIVE_COMPILATION_CONDITIONS = DEBUG;
				SWIFT_OPTIMIZATION_LEVEL = "-Onone";
			};
			name = Debug;
		};
		F29D0D8324E1DD6900CCDB8E /* Release */ = {
			isa = XCBuildConfiguration;
			buildSettings = {
				ALWAYS_SEARCH_USER_PATHS = NO;
				CLANG_ANALYZER_NONNULL = YES;
				CLANG_ANALYZER_NUMBER_OBJECT_CONVERSION = YES_AGGRESSIVE;
				CLANG_CXX_LANGUAGE_STANDARD = "gnu++14";
				CLANG_CXX_LIBRARY = "libc++";
				CLANG_ENABLE_MODULES = YES;
				CLANG_ENABLE_OBJC_ARC = YES;
				CLANG_ENABLE_OBJC_WEAK = YES;
				CLANG_WARN_BLOCK_CAPTURE_AUTORELEASING = YES;
				CLANG_WARN_BOOL_CONVERSION = YES;
				CLANG_WARN_COMMA = YES;
				CLANG_WARN_CONSTANT_CONVERSION = YES;
				CLANG_WARN_DEPRECATED_OBJC_IMPLEMENTATIONS = YES;
				CLANG_WARN_DIRECT_OBJC_ISA_USAGE = YES_ERROR;
				CLANG_WARN_DOCUMENTATION_COMMENTS = YES;
				CLANG_WARN_EMPTY_BODY = YES;
				CLANG_WARN_ENUM_CONVERSION = YES;
				CLANG_WARN_INFINITE_RECURSION = YES;
				CLANG_WARN_INT_CONVERSION = YES;
				CLANG_WARN_NON_LITERAL_NULL_CONVERSION = YES;
				CLANG_WARN_OBJC_IMPLICIT_RETAIN_SELF = YES;
				CLANG_WARN_OBJC_LITERAL_CONVERSION = YES;
				CLANG_WARN_OBJC_ROOT_CLASS = YES_ERROR;
				CLANG_WARN_RANGE_LOOP_ANALYSIS = YES;
				CLANG_WARN_STRICT_PROTOTYPES = YES;
				CLANG_WARN_SUSPICIOUS_MOVE = YES;
				CLANG_WARN_UNGUARDED_AVAILABILITY = YES_AGGRESSIVE;
				CLANG_WARN_UNREACHABLE_CODE = YES;
				CLANG_WARN__DUPLICATE_METHOD_MATCH = YES;
				COPY_PHASE_STRIP = NO;
				DEBUG_INFORMATION_FORMAT = "dwarf-with-dsym";
				ENABLE_NS_ASSERTIONS = NO;
				ENABLE_STRICT_OBJC_MSGSEND = YES;
				GCC_C_LANGUAGE_STANDARD = gnu11;
				GCC_NO_COMMON_BLOCKS = YES;
				GCC_WARN_64_TO_32_BIT_CONVERSION = YES;
				GCC_WARN_ABOUT_RETURN_TYPE = YES_ERROR;
				GCC_WARN_UNDECLARED_SELECTOR = YES;
				GCC_WARN_UNINITIALIZED_AUTOS = YES_AGGRESSIVE;
				GCC_WARN_UNUSED_FUNCTION = YES;
				GCC_WARN_UNUSED_VARIABLE = YES;
				IPHONEOS_DEPLOYMENT_TARGET = 13.5;
				MTL_ENABLE_DEBUG_INFO = NO;
				MTL_FAST_MATH = YES;
				SDKROOT = iphoneos;
				SWIFT_COMPILATION_MODE = wholemodule;
				SWIFT_OPTIMIZATION_LEVEL = "-O";
				VALIDATE_PRODUCT = YES;
			};
			name = Release;
		};
		F29D0D8524E1DD6900CCDB8E /* Debug */ = {
			isa = XCBuildConfiguration;
			buildSettings = {
				ASSETCATALOG_COMPILER_APPICON_NAME = AppIcon;
				CODE_SIGN_STYLE = Automatic;
				DEVELOPMENT_TEAM = LCXH23EWLR;
				INFOPLIST_FILE = SwiftyChallenge/Info.plist;
				LD_RUNPATH_SEARCH_PATHS = (
					"$(inherited)",
					"@executable_path/Frameworks",
				);
				PRODUCT_BUNDLE_IDENTIFIER = com.careem.SwiftyChallenge;
				PRODUCT_NAME = "$(TARGET_NAME)";
				SWIFT_VERSION = 5.0;
				TARGETED_DEVICE_FAMILY = 1;
			};
			name = Debug;
		};
		F29D0D8624E1DD6900CCDB8E /* Release */ = {
			isa = XCBuildConfiguration;
			buildSettings = {
				ASSETCATALOG_COMPILER_APPICON_NAME = AppIcon;
				CODE_SIGN_STYLE = Automatic;
				DEVELOPMENT_TEAM = LCXH23EWLR;
				INFOPLIST_FILE = SwiftyChallenge/Info.plist;
				LD_RUNPATH_SEARCH_PATHS = (
					"$(inherited)",
					"@executable_path/Frameworks",
				);
				PRODUCT_BUNDLE_IDENTIFIER = com.careem.SwiftyChallenge;
				PRODUCT_NAME = "$(TARGET_NAME)";
				SWIFT_VERSION = 5.0;
				TARGETED_DEVICE_FAMILY = 1;
			};
			name = Release;
		};
		F29D0D8824E1DD6900CCDB8E /* Debug */ = {
			isa = XCBuildConfiguration;
			buildSettings = {
				ALWAYS_EMBED_SWIFT_STANDARD_LIBRARIES = YES;
				BUNDLE_LOADER = "$(TEST_HOST)";
				CODE_SIGN_STYLE = Automatic;
				DEVELOPMENT_TEAM = LCXH23EWLR;
				INFOPLIST_FILE = SwiftyChallengeTests/Info.plist;
				IPHONEOS_DEPLOYMENT_TARGET = 13.5;
				LD_RUNPATH_SEARCH_PATHS = (
					"$(inherited)",
					"@executable_path/Frameworks",
					"@loader_path/Frameworks",
				);
				PRODUCT_BUNDLE_IDENTIFIER = com.careem.SwiftyChallengeTests;
				PRODUCT_NAME = "$(TARGET_NAME)";
				SWIFT_VERSION = 5.0;
				TARGETED_DEVICE_FAMILY = "1,2";
				TEST_HOST = "$(BUILT_PRODUCTS_DIR)/SwiftyChallenge.app/SwiftyChallenge";
			};
			name = Debug;
		};
		F29D0D8924E1DD6900CCDB8E /* Release */ = {
			isa = XCBuildConfiguration;
			buildSettings = {
				ALWAYS_EMBED_SWIFT_STANDARD_LIBRARIES = YES;
				BUNDLE_LOADER = "$(TEST_HOST)";
				CODE_SIGN_STYLE = Automatic;
				DEVELOPMENT_TEAM = LCXH23EWLR;
				INFOPLIST_FILE = SwiftyChallengeTests/Info.plist;
				IPHONEOS_DEPLOYMENT_TARGET = 13.5;
				LD_RUNPATH_SEARCH_PATHS = (
					"$(inherited)",
					"@executable_path/Frameworks",
					"@loader_path/Frameworks",
				);
				PRODUCT_BUNDLE_IDENTIFIER = com.careem.SwiftyChallengeTests;
				PRODUCT_NAME = "$(TARGET_NAME)";
				SWIFT_VERSION = 5.0;
				TARGETED_DEVICE_FAMILY = "1,2";
				TEST_HOST = "$(BUILT_PRODUCTS_DIR)/SwiftyChallenge.app/SwiftyChallenge";
			};
			name = Release;
		};
/* End XCBuildConfiguration section */

/* Begin XCConfigurationList section */
		F29D0D6024E1DD6500CCDB8E /* Build configuration list for PBXProject "SwiftyChallenge" */ = {
			isa = XCConfigurationList;
			buildConfigurations = (
				F29D0D8224E1DD6900CCDB8E /* Debug */,
				F29D0D8324E1DD6900CCDB8E /* Release */,
			);
			defaultConfigurationIsVisible = 0;
			defaultConfigurationName = Release;
		};
		F29D0D8424E1DD6900CCDB8E /* Build configuration list for PBXNativeTarget "SwiftyChallenge" */ = {
			isa = XCConfigurationList;
			buildConfigurations = (
				F29D0D8524E1DD6900CCDB8E /* Debug */,
				F29D0D8624E1DD6900CCDB8E /* Release */,
			);
			defaultConfigurationIsVisible = 0;
			defaultConfigurationName = Release;
		};
		F29D0D8724E1DD6900CCDB8E /* Build configuration list for PBXNativeTarget "SwiftyChallengeTests" */ = {
			isa = XCConfigurationList;
			buildConfigurations = (
				F29D0D8824E1DD6900CCDB8E /* Debug */,
				F29D0D8924E1DD6900CCDB8E /* Release */,
			);
			defaultConfigurationIsVisible = 0;
			defaultConfigurationName = Release;
		};
/* End XCConfigurationList section */
	};
	rootObject = F29D0D5D24E1DD6500CCDB8E /* Project object */;
}
